%{
  "accept": {:hex, :accept, "0.3.3", "548ebb6fb2e8b0d170e75bb6123aea6ceecb0189bb1231eeadf52eac08384a97", [:rebar3], [], "hexpm", "9df23358b4d0c62d058fb84281aae5e7a850dcc923d4907d12b938b189e20208"},
  "alto_guisso": {:git, "https://github.com/instedd/alto_guisso_ex.git", "96f1dadcdc0beba598fd4bce9f2b71364c48ebca", []},
  "base64url": {:hex, :base64url, "0.0.1", "36a90125f5948e3afd7be97662a1504b934dd5dac78451ca6e9abf85a10286be", [:rebar], [], "hexpm", "fab09b20e3f5db886725544cbcf875b8e73ec93363954eb8a1a9ed834aa8c1f9"},
  "bypass": {:hex, :bypass, "0.8.1", "16d409e05530ece4a72fabcf021a3e5c7e15dcc77f911423196a0c551f2a15ca", [:mix], [{:cowboy, "~> 1.0", [hex: :cowboy, repo: "hexpm", optional: false]}, {:plug, "~> 1.0", [hex: :plug, repo: "hexpm", optional: false]}], "hexpm", "61fc89e67e448785905d35b2b06a3a36ae0cf0857c343fd65c753af42406f31a"},
  "cachex": {:hex, :cachex, "2.1.0", "fad49b4e78d11c6c314e75bd8c9408f5b78cb065c047442798caed10803ee3be", [:mix], [{:eternal, "~> 1.1", [hex: :eternal, repo: "hexpm", optional: false]}], "hexpm", "20de7299ff4383bab07f06b0b228762041454935d1e25ca5cc2088876a5a2044"},
  "certifi": {:hex, :certifi, "2.5.1", "867ce347f7c7d78563450a18a6a28a8090331e77fa02380b4a21962a65d36ee5", [:rebar3], [{:parse_trans, "~>3.3", [hex: :parse_trans, repo: "hexpm", optional: false]}], "hexpm", "805abd97539caf89ec6d4732c91e62ba9da0cda51ac462380bbd28ee697a8c42"},
  "coherence": {:git, "https://github.com/manastech/coherence.git", "c02a5da8231909a50edecffd60edbf65b6ded96e", [branch: "v0.3.2"]},
  "combine": {:hex, :combine, "0.9.6", "8d1034a127d4cbf6924c8a5010d3534d958085575fa4d9b878f200d79ac78335", [:mix], [], "hexpm", "0b450698443dc9ab84cee85976752b4af1009cdf0f01da9ee8ef2550dc67c47f"},
  "comeonin": {:hex, :comeonin, "2.6.0", "74c288338b33205f9ce97e2117bb9a2aaab103a1811d243443d76fdb62f904ac", [:make, :mix], [], "hexpm", "bc72f049a1c61048427f557821fc06e273abf09f6829377541475d7b36ac8ac6"},
  "connection": {:hex, :connection, "1.0.4", "a1cae72211f0eef17705aaededacac3eb30e6625b04a6117c1b2db6ace7d5976", [:mix], [], "hexpm", "4a0850c9be22a43af9920a71ab17c051f5f7d45c209e40269a1938832510e4d9"},
  "cowboy": {:hex, :cowboy, "1.1.2", "61ac29ea970389a88eca5a65601460162d370a70018afe6f949a29dca91f3bb0", [:rebar3], [{:cowlib, "~> 1.0.2", [hex: :cowlib, repo: "hexpm", optional: false]}, {:ranch, "~> 1.3.2", [hex: :ranch, repo: "hexpm", optional: false]}], "hexpm", "f4763bbe08233eceed6f24bc4fcc8d71c17cfeafa6439157c57349aa1bb4f17c"},
  "cowlib": {:hex, :cowlib, "1.0.2", "9d769a1d062c9c3ac753096f868ca121e2730b9a377de23dec0f7e08b1df84ee", [:make], [], "hexpm", "db622da03aa039e6366ab953e31186cc8190d32905e33788a1acb22744e6abd2"},
  "csv": {:hex, :csv, "1.4.4", "992f2e1418849a326fd1d9287801fa2d86091db4f9611f60781da6d236f64cd4", [:mix], [{:parallel_stream, "~> 1.0.4", [hex: :parallel_stream, repo: "hexpm", optional: false]}], "hexpm", "12c0d07bcf00b41a9b3da1e9cf52eb05c04cb9ed1714b1ae2209d0d41b19af3c"},
  "db_connection": {:hex, :db_connection, "1.1.2", "2865c2a4bae0714e2213a0ce60a1b12d76a6efba0c51fbda59c9ab8d1accc7a8", [:mix], [{:connection, "~> 1.0.2", [hex: :connection, repo: "hexpm", optional: false]}, {:poolboy, "~> 1.5", [hex: :poolboy, repo: "hexpm", optional: true]}, {:sbroker, "~> 1.0", [hex: :sbroker, repo: "hexpm", optional: true]}], "hexpm", "550e5ec2a759a5cac03255c5b8e666784300ba4663046898776b30669d00d6a7"},
  "decimal": {:hex, :decimal, "1.4.0", "fac965ce71a46aab53d3a6ce45662806bdd708a4a95a65cde8a12eb0124a1333", [:mix], [], "hexpm", "76de71de4e2fa0b371b5359a060a3a3d38e74b2da7a1157a45e146a68f71e023"},
  "deep_merge": {:hex, :deep_merge, "0.1.1", "c27866a7524a337b6a039eeb8dd4f17d458fd40fbbcb8c54661b71a22fffe846", [:mix], [], "hexpm", "7dd57812332d76067deb9611b93cc98ac74cbb3b09480eef80c7e3c5a0813ecf"},
  "deppie": {:hex, :deppie, "1.1.0", "cfb6fcee7dfb64eb78cb8505537971a0805131899326ad469ef10df04520f451", [:mix], [], "hexpm", "705f8ca00df055333604356627f6590db6c64b29313672abe22a39bf44947852"},
  "ecto": {:hex, :ecto, "2.1.6", "29b45f393c2ecd99f83e418ea9b0a2af6078ecb30f401481abac8a473c490f84", [:mix], [{:db_connection, "~> 1.1", [hex: :db_connection, repo: "hexpm", optional: true]}, {:decimal, "~> 1.2", [hex: :decimal, repo: "hexpm", optional: false]}, {:mariaex, "~> 0.8.0", [hex: :mariaex, repo: "hexpm", optional: true]}, {:poison, "~> 2.2 or ~> 3.0", [hex: :poison, repo: "hexpm", optional: true]}, {:poolboy, "~> 1.5", [hex: :poolboy, repo: "hexpm", optional: false]}, {:postgrex, "~> 0.13.0", [hex: :postgrex, repo: "hexpm", optional: true]}, {:sbroker, "~> 1.0", [hex: :sbroker, repo: "hexpm", optional: true]}], "hexpm", "f76be2e4648401e27d05586f20efaa04121638ac550ce177556b48ebbd15c571"},
  "eternal": {:hex, :eternal, "1.1.4", "3a40fd9b9708f79216a6ec8ae886f2b17685dc26b119b9c0403c2b0d3dc1ac69", [:mix], [{:deppie, "~> 1.1", [hex: :deppie, repo: "hexpm", optional: false]}], "hexpm", "48a51c4d713e4805a1124de158ee0d37f420f8249691bcbad2b76e48b7fa4d24"},
  "ex_json_schema": {:hex, :ex_json_schema, "0.5.5", "d8d4c3f47b86c9e634e124d518b290dda82a8b94dcc314e45af10042fc369361", [:mix], [], "hexpm", "a39970b522ec866ae38a3fe89a1a235f7cf72bac6ae4bdeed077e6f3ee4b9265"},
  "ex_machina": {:hex, :ex_machina, "1.0.2", "1cc49e1a09e3f7ab2ecb630c17f14c2872dc4ec145d6d05a9c3621936a63e34f", [:mix], [{:ecto, "~> 2.0", [hex: :ecto, repo: "hexpm", optional: true]}], "hexpm", "fa9172e3c5ddb1e9d2b633b195c6592fb7618c9ea348ab3409c1c8d5732b503a"},
  "fs": {:hex, :fs, "0.9.2", "ed17036c26c3f70ac49781ed9220a50c36775c6ca2cf8182d123b6566e49ec59", [:rebar], [], "hexpm", "9a00246e8af58cdf465ae7c48fd6fd7ba2e43300413dfcc25447ecd3bf76f0c1"},
  "gen_smtp": {:hex, :gen_smtp, "0.12.0", "97d44903f5ca18ca85cb39aee7d9c77e98d79804bbdef56078adcf905cb2ef00", [:rebar3], [], "hexpm", "7b4d2e5338f98518414bae6b85d2be51d6715c6f2695c7967567af5426bf00e5"},
  "gen_stage": {:hex, :gen_stage, "0.14.2", "6a2a578a510c5bfca8a45e6b27552f613b41cf584b58210f017088d3d17d0b14", [:mix], [], "hexpm", "1f201083ca2ee1ea2b8e1eb6e98d9842ef93f2e5efa2d602740ab0c56c2bc90b"},
  "gettext": {:hex, :gettext, "0.13.1", "5e0daf4e7636d771c4c71ad5f3f53ba09a9ae5c250e1ab9c42ba9edccc476263", [:mix], [], "hexpm", "b233b4ab0d349a359b52592d2d591fc6e4b20fdbe0b15a624cc15a3ca509a1cc"},
  "hackney": {:hex, :hackney, "1.15.1", "9f8f471c844b8ce395f7b6d8398139e26ddca9ebc171a8b91342ee15a19963f4", [:rebar3], [{:certifi, "2.5.1", [hex: :certifi, repo: "hexpm", optional: false]}, {:idna, "6.0.0", [hex: :idna, repo: "hexpm", optional: false]}, {:metrics, "1.0.1", [hex: :metrics, repo: "hexpm", optional: false]}, {:mimerl, "~>1.1", [hex: :mimerl, repo: "hexpm", optional: false]}, {:ssl_verify_fun, "1.1.4", [hex: :ssl_verify_fun, repo: "hexpm", optional: false]}], "hexpm", "c2790c9f0f7205f4a362512192dee8179097394400e745e4d20bab7226a8eaad"},
  "httpoison": {:hex, :httpoison, "0.13.0", "bfaf44d9f133a6599886720f3937a7699466d23bb0cd7a88b6ba011f53c6f562", [:mix], [{:hackney, "~> 1.8", [hex: :hackney, repo: "hexpm", optional: false]}], "hexpm", "4846958172d6401c4f34ecc5c2c4607b5b0d90b8eec8f6df137ca4907942ed0f"},
  "idna": {:hex, :idna, "6.0.0", "689c46cbcdf3524c44d5f3dde8001f364cd7608a99556d8fbd8239a5798d4c10", [:rebar3], [{:unicode_util_compat, "0.4.1", [hex: :unicode_util_compat, repo: "hexpm", optional: false]}], "hexpm", "4bdd305eb64e18b0273864920695cb18d7a2021f31a11b9c5fbcd9a253f936e2"},
  "joken": {:hex, :joken, "1.4.1", "16b87dcbad59dfb1e75231b9d6e504d852ce11f849efb7150a41dcad29dba8e1", [:mix], [{:jose, "~> 1.8", [hex: :jose, repo: "hexpm", optional: false]}, {:plug, "~> 1.0", [hex: :plug, repo: "hexpm", optional: true]}, {:poison, "~> 1.5 or ~> 2.0 or ~> 3.0", [hex: :poison, repo: "hexpm", optional: true]}], "hexpm", "f995193891960cea0af8cbc56a34acb57ba09c50e5c0343338e959aa554982ae"},
  "jose": {:hex, :jose, "1.8.4", "7946d1e5c03a76ac9ef42a6e6a20001d35987afd68c2107bcd8f01a84e75aa73", [:mix, :rebar3], [{:base64url, "~> 0.0.1", [hex: :base64url, repo: "hexpm", optional: false]}], "hexpm", "d28c8e54f06d7a668e98ca9e5b9b2b56764bdd95b69e9185e8209a3e880f10a0"},
  "language_names": {:hex, :language_names, "0.1.0", "d340e799d6ed11f6b35068aeb1097012b1eb525ee1f193ecb966945ed4e69ddd", [:mix], [], "hexpm", "8da91bc0bf03769052eebcf1ff94933f29513e1595941f7c258d5d1fb89b9082"},
  "mariaex": {:hex, :mariaex, "0.8.2", "a9ee64a02fd72579f844934b4cbecca9566593e499125edf6032c58f9d50b5f9", [:mix], [{:db_connection, "~> 1.1", [hex: :db_connection, repo: "hexpm", optional: false]}, {:decimal, "~> 1.0", [hex: :decimal, repo: "hexpm", optional: false]}], "hexpm", "09b3da0a55a1e5b65fd675c903ef09ca620562055ef7b2e8a8f0f6430ba8d81e"},
  "metrics": {:hex, :metrics, "1.0.1", "25f094dea2cda98213cecc3aeff09e940299d950904393b2a29d191c346a8486", [:rebar3], [], "hexpm", "69b09adddc4f74a40716ae54d140f93beb0fb8978d8636eaded0c31b6f099f16"},
  "mime": {:hex, :mime, "1.3.1", "30ce04ab3175b6ad0bdce0035cba77bba68b813d523d1aac73d9781b4d193cf8", [:mix], [], "hexpm", "6cbe761d6a0ca5a31a0931bf4c63204bceb64538e664a8ecf784a9a6f3b875f1"},
  "mimerl": {:hex, :mimerl, "1.2.0", "67e2d3f571088d5cfd3e550c383094b47159f3eee8ffa08e64106cdf5e981be3", [:rebar3], [], "hexpm", "f278585650aa581986264638ebf698f8bb19df297f66ad91b18910dfc6e19323"},
  "mox": {:hex, :mox, "0.5.1", "f86bb36026aac1e6f924a4b6d024b05e9adbed5c63e8daa069bd66fb3292165b", [:mix], [], "hexpm", "052346cf322311c49a0f22789f3698eea030eec09b8c47367f0686ef2634ae14"},
  "mutex": {:hex, :mutex, "1.1.3", "d7e19f96fe19d6d97583bf12ca1ec182bbf14619b7568592cc461135de1c3b81", [:mix], [], "hexpm", "2b83b92784add2611c23dd527073b5e8dfe3c9c6c94c5bf9e3081b5c41c3ff3e"},
  "oauth2": {:hex, :oauth2, "0.7.0", "950502a56078faed531fd2ed039d8709e047032671d0a53c2d5cceedd3c69155", [:mix], [{:hackney, "~> 1.6", [hex: :hackney, repo: "hexpm", optional: false]}], "hexpm", "93a88d852ec87429a80ea1f395f328a50eb0a9fc552c3929fbf61745a74d3989"},
  "parallel_stream": {:hex, :parallel_stream, "1.0.5", "4c78d3e675f9eff885cbe252c89a8fc1d2fb803c0d03a914281e587834e09431", [:mix], [], "hexpm", "9ee9ac36325cadff357e5fdb79c27465074db67f9af00f407e15bf649239950a"},
  "parse_trans": {:hex, :parse_trans, "3.3.0", "09765507a3c7590a784615cfd421d101aec25098d50b89d7aa1d66646bc571c1", [:rebar3], [], "hexpm", "17ef63abde837ad30680ea7f857dd9e7ced9476cdd7b0394432af4bfc241b960"},
  "phoenix": {:hex, :phoenix, "1.3.0", "1c01124caa1b4a7af46f2050ff11b267baa3edb441b45dbf243e979cd4c5891b", [:mix], [{:cowboy, "~> 1.0", [hex: :cowboy, repo: "hexpm", optional: true]}, {:phoenix_pubsub, "~> 1.0", [hex: :phoenix_pubsub, repo: "hexpm", optional: false]}, {:plug, "~> 1.3.3 or ~> 1.4", [hex: :plug, repo: "hexpm", optional: false]}, {:poison, "~> 2.2 or ~> 3.0", [hex: :poison, repo: "hexpm", optional: false]}], "hexpm", "35f7cc91126c9c374fff1d8e3219ece7a9d4f84f2f5d6565be53b381078c006c"},
  "phoenix_ecto": {:hex, :phoenix_ecto, "3.2.3", "450c749876ff1de4a78fdb305a142a76817c77a1cd79aeca29e5fc9a6c630b26", [:mix], [{:ecto, "~> 2.1", [hex: :ecto, repo: "hexpm", optional: false]}, {:phoenix_html, "~> 2.9", [hex: :phoenix_html, repo: "hexpm", optional: true]}, {:plug, "~> 1.0", [hex: :plug, repo: "hexpm", optional: false]}], "hexpm", "b91cd102fe384c62587916c6c76ae566b7f547148ac01a2f586ea74230855356"},
  "phoenix_html": {:hex, :phoenix_html, "2.10.3", "432dec9e04372eeb7a6dbf59a778cf43eb44518441932217371fa535f2bcfd80", [:mix], [{:plug, "~> 1.0", [hex: :plug, repo: "hexpm", optional: false]}], "hexpm", "88572bb4f9f1773d2a95f8a5e408161f882e408b01fe1d569a7aeaf6108c3f0a"},
  "phoenix_live_reload": {:hex, :phoenix_live_reload, "1.0.8", "4333f9c74190f485a74866beff2f9304f069d53f047f5fbb0fb8d1ee4c495f73", [:mix], [{:fs, "~> 0.9.1", [hex: :fs, repo: "hexpm", optional: false]}, {:phoenix, "~> 1.0 or ~> 1.2-rc", [hex: :phoenix, repo: "hexpm", optional: false]}], "hexpm", "af4d9faeb655ef933cf66fd4d83f8bb0146ab0da30c81cfbdc2152825970fa76"},
  "phoenix_pubsub": {:hex, :phoenix_pubsub, "1.0.2", "bfa7fd52788b5eaa09cb51ff9fcad1d9edfeb68251add458523f839392f034c1", [:mix], [], "hexpm", "6f9193364c5de86b85e8d3a80294a134aecf6c5618adcbae668608749e00a7f7"},
  "phoenix_swoosh": {:hex, :phoenix_swoosh, "0.1.3", "f1ad7e7167355bd287d1490858bc73b66ed5961777cd112943f0b2ffacae4a23", [:mix], [{:phoenix, "~> 1.0", [hex: :phoenix, repo: "hexpm", optional: false]}, {:phoenix_html, "~> 2.2", [hex: :phoenix_html, repo: "hexpm", optional: false]}, {:swoosh, "~> 0.1", [hex: :swoosh, repo: "hexpm", optional: false]}], "hexpm", "926439bb0242175cd5a52b2ffe73815886a23e9bdd4e4c980d2c87153c496f76"},
  "plug": {:hex, :plug, "1.8.0", "9d2685cb007fe5e28ed9ac27af2815bc262b7817a00929ac10f56f169f43b977", [:mix], [{:mime, "~> 1.0", [hex: :mime, repo: "hexpm", optional: false]}, {:plug_crypto, "~> 1.0", [hex: :plug_crypto, repo: "hexpm", optional: false]}, {:telemetry, "~> 0.4", [hex: :telemetry, repo: "hexpm", optional: true]}], "hexpm", "4cc0099d5bffb938ee1ff78cc69f2a787d85f6c66b546f9ac2df7400b4ee1624"},
  "plug_cowboy": {:hex, :plug_cowboy, "1.0.0", "2e2a7d3409746d335f451218b8bb0858301c3de6d668c3052716c909936eb57a", [:mix], [{:cowboy, "~> 1.0", [hex: :cowboy, repo: "hexpm", optional: false]}, {:plug, "~> 1.7", [hex: :plug, repo: "hexpm", optional: false]}], "hexpm", "01d201427a8a1f4483be2465a98b45f5e82263327507fe93404a61c51eb9e9a8"},
  "plug_crypto": {:hex, :plug_crypto, "1.0.0", "18e49317d3fa343f24620ed22795ec29d4a5e602d52d1513ccea0b07d8ea7d4d", [:mix], [], "hexpm", "73c1682f0e414cfb5d9b95c8e8cd6ffcfdae699e3b05e1db744e58b7be857759"},
  "poison": {:hex, :poison, "3.1.0", "d9eb636610e096f86f25d9a46f35a9facac35609a7591b3be3326e99a0484665", [:mix], [], "hexpm", "fec8660eb7733ee4117b85f55799fd3833eb769a6df71ccf8903e8dc5447cfce"},
  "poolboy": {:hex, :poolboy, "1.5.1", "6b46163901cfd0a1b43d692657ed9d7e599853b3b21b95ae5ae0a777cf9b6ca8", [:rebar], [], "hexpm", "8f7168911120e13419e086e78d20e4d1a6776f1eee2411ac9f790af10813389f"},
  "pp": {:hex, :pp, "0.1.1", "3f02ba50327d935c3193b9c0e2c7e1c8b56702a73b3bf4634f1b886051f6f2b6", [:mix], [], "hexpm", "5d7d67a965f627d1caecec470727d5d98a40b0f78d8376826e93bfd7a52ce8db"},
  "prometheus": {:hex, :prometheus, "3.3.2", "5ee678fdf835ede650a8b03819961859f2c403ac12dac52e60ee4b45f4e3b6db", [:mix, :rebar3], [], "hexpm", "e0e0c3d758f1b98056c953b1224d96d8a8a1f703b47bde62d9903a935870aca8"},
  "prometheus_ex": {:hex, :prometheus_ex, "1.3.0", "eddc8cc9e384fcf20c4d42f71e539b49705bb44f95f5e1b19b967fad92c63526", [:mix], [{:prometheus, "~> 3.3", [hex: :prometheus, repo: "hexpm", optional: false]}], "hexpm", "5428819d04b58ce1e4c8cd0f7d48dcb850ebbcab3b1c534f264cb570a017865e"},
  "prometheus_phoenix": {:hex, :prometheus_phoenix, "1.1.0", "945279134bddde108846ad6b024c2461303837ea5b34eefb451a1cd93faa3004", [:mix], [{:phoenix, "~> 1.3", [hex: :phoenix, repo: "hexpm", optional: false]}, {:prometheus_ex, "~> 1.3", [hex: :prometheus_ex, repo: "hexpm", optional: false]}], "hexpm", "686da44aa68f37a92b1504ff0707e46e7bcfe7a843c3d8226d33657b09b169e4"},
  "prometheus_plugs": {:hex, :prometheus_plugs, "1.1.3", "53bb8cb31121e4491928ed56c0346a7a7571c830e9abdcd3205f09c65c0256c7", [:mix], [{:accept, "~> 0.1", [hex: :accept, repo: "hexpm", optional: false]}, {:plug, "~> 1.0", [hex: :plug, repo: "hexpm", optional: false]}, {:prometheus_ex, "~> 1.1", [hex: :prometheus_ex, repo: "hexpm", optional: false]}, {:prometheus_process_collector, "~> 1.0.0", [hex: :prometheus_process_collector, repo: "hexpm", optional: true]}], "hexpm", "ca70b4a0c84ca8d4d0d3c67784e7d2ccd4ac4ca118648e870df7df1f2e9a8580"},
  "ranch": {:hex, :ranch, "1.3.2", "e4965a144dc9fbe70e5c077c65e73c57165416a901bd02ea899cfd95aa890986", [:rebar3], [], "hexpm", "6e56493a862433fccc3aca3025c946d6720d8eedf6e3e6fb911952a7071c357f"},
  "sentry": {:hex, :sentry, "6.4.2", "71b3cf8ce6dbf7816b8086eb8f221fd7fd71cefdbf7461094c628785cae6a67c", [:mix], [{:hackney, "~> 1.8 or 1.6.5", [hex: :hackney, repo: "hexpm", optional: false]}, {:phoenix, "~> 1.3", [hex: :phoenix, repo: "hexpm", optional: true]}, {:plug, "~> 1.6", [hex: :plug, repo: "hexpm", optional: true]}, {:poison, "~> 1.5 or ~> 2.0 or ~> 3.0", [hex: :poison, repo: "hexpm", optional: false]}], "hexpm", "79df09e9c93509a896e237f241e4f7493682d4a451ad165442ffa6edd0f4c9e4"},
  "simetric": {:hex, :simetric, "0.1.0", "709b1dcbfe2e8ce24bc1892c4ab3f1a101d22253ec413b8c7f16c206cd6b6baa", [:mix], [], "hexpm", "5a69a4b65670a0af0dba7e775b56e6995f2e599771ea360e87e28fd5b7eab3a9"},
  "ssl_verify_fun": {:hex, :ssl_verify_fun, "1.1.4", "f0eafff810d2041e93f915ef59899c923f4568f4585904d010387ed74988e77b", [:make, :mix, :rebar3], [], "hexpm", "603561dc0fd62f4f2ea9b890f4e20e1a0d388746d6e20557cafb1b16950de88c"},
  "swoosh": {:hex, :swoosh, "0.8.1", "1d169e4b377095feba9b4456dac446155b11cde57f3a612c37035f073104f6f8", [:mix], [{:cowboy, "~> 1.0", [hex: :cowboy, repo: "hexpm", optional: true]}, {:gen_smtp, "~> 0.11", [hex: :gen_smtp, repo: "hexpm", optional: true]}, {:hackney, "~> 1.6", [hex: :hackney, repo: "hexpm", optional: false]}, {:mime, "~> 1.1", [hex: :mime, repo: "hexpm", optional: false]}, {:plug, "~> 1.1", [hex: :plug, repo: "hexpm", optional: true]}, {:poison, "~> 1.5 or ~> 2.0 or ~> 3.0", [hex: :poison, repo: "hexpm", optional: false]}], "hexpm", "0d0e9e533ba73b5a819c4d266e3bb60efd256f132adc307104733ede45d00339"},
  "timex": {:hex, :timex, "3.1.24", "d198ae9783ac807721cca0c5535384ebdf99da4976be8cefb9665a9262a1e9e3", [:mix], [{:combine, "~> 0.7", [hex: :combine, repo: "hexpm", optional: false]}, {:gettext, "~> 0.10", [hex: :gettext, repo: "hexpm", optional: false]}, {:tzdata, "~> 0.1.8 or ~> 0.5", [hex: :tzdata, repo: "hexpm", optional: false]}], "hexpm", "ca852258d788542c263b12dbf55375fe2ccf5674e7b20995e3d84d2d4412bc0f"},
  "timex_ecto": {:hex, :timex_ecto, "3.1.1", "37d54f6879d96a6789bb497296531cfb853631de78e152969d95cff03c1368dd", [:mix], [{:ecto, "~> 2.1.0", [hex: :ecto, repo: "hexpm", optional: false]}, {:timex, "~> 3.0", [hex: :timex, repo: "hexpm", optional: false]}], "hexpm", "503e3cc043c0e26c6bc87cae5f283ccc6735da3db370feedc42e0464b028594e"},
  "trailing_format_plug": {:hex, :trailing_format_plug, "0.0.7", "64b877f912cf7273bed03379936df39894149e35137ac9509117e59866e10e45", [:mix], [{:plug, "> 0.12.0", [hex: :plug, repo: "hexpm", optional: false]}], "hexpm", "bd4fde4c15f3e993a999e019d64347489b91b7a9096af68b2bdadd192afa693f"},
  "tzdata": {:hex, :tzdata, "0.5.21", "8cbf3607fcce69636c672d5be2bbb08687fe26639a62bdcc283d267277db7cf0", [:mix], [{:hackney, "~> 1.0", [hex: :hackney, repo: "hexpm", optional: false]}], "hexpm", "69c9913feb9b9f84c7e70e448e1f425d450d95119800ba420c5121a59bdd12c6"},
  "unicode_util_compat": {:hex, :unicode_util_compat, "0.4.1", "d869e4c68901dd9531385bb0c8c40444ebf624e60b6962d95952775cac5e90cd", [:rebar3], [], "hexpm", "1d1848c40487cdb0b30e8ed975e34e025860c02e419cb615d255849f3427439d"},
  "uuid": {:hex, :uuid, "1.1.8", "e22fc04499de0de3ed1116b770c7737779f226ceefa0badb3592e64d5cfb4eb9", [:mix], [], "hexpm", "c790593b4c3b601f5dc2378baae7efaf5b3d73c4c6456ba85759905be792f2ac"},
  "xml_builder": {:hex, :xml_builder, "0.0.9", "68f336e8c5ba32c130d13e96a379cd77e0dbb1c5152c35a30be96c1d1566b05e", [:mix], [], "hexpm", "7b834f5a757a9feab9d423c7cc2eb304c3a6112ae6993fd87d3443cec3db4802"},
  "zstream": {:hex, :zstream, "0.2.0", "b6fc1248ac25cf7741c452b92e301bd42d86980eca9de892661a96e858aaa0ce", [:mix], [], "hexpm", "10ddc657031b050fa83b65ee6187e931d72638f3b4a7ed6e24cd2a8f2ee9d51a"},
}
